
Microsoft Visual Studio Solution File, Format Version 11.00
# Visual Studio 2010
Project("{FAE04EC0-301F-11D3-BF4B-00C04F79EFBC}") = "AngleAvarage", "Assembly-CSharp.csproj", "{D36ECF02-DCD4-EAE4-D9C7-D611DCC9E1F9}"
EndProject
Global
	GlobalSection(SolutionConfigurationPlatforms) = preSolution
		Debug|Any CPU = Debug|Any CPU
		Release|Any CPU = Release|Any CPU
	EndGlobalSection
	GlobalSection(ProjectConfigurationPlatforms) = postSolution
		{D36ECF02-DCD4-EAE4-D9C7-D611DCC9E1F9}.Debug|Any CPU.ActiveCfg = Debug|Any CPU
		{D36ECF02-DCD4-EAE4-D9C7-D611DCC9E1F9}.Debug|Any CPU.Build.0 = Debug|Any CPU
		{D36ECF02-DCD4-EAE4-D9C7-D611DCC9E1F9}.Release|Any CPU.ActiveCfg = Release|Any CPU
		{D36ECF02-DCD4-EAE4-D9C7-D611DCC9E1F9}.Release|Any CPU.Build.0 = Release|Any CPU
	EndGlobalSection
	GlobalSection(SolutionProperties) = preSolution
		HideSolutionNode = FALSE
	EndGlobalSection
	GlobalSection(MonoDevelopProperties) = preSolution
		StartupItem = Assembly-CSharp.csproj
	EndGlobalSection
EndGlobal
